
Microsoft Visual Studio Solution File, Format Version 12.00
# Visual Studio Version 16
VisualStudioVersion = 25.0.1704.2
MinimumVisualStudioVersion = 10.0.40219.1
Project("{FAE04EC0-301F-11D3-BF4B-00C04F79EFBC}") = "PrincessBrideTrivia", "PrincessBrideTrivia.csproj", "{05E19EDA-5D3D-4F9F-A71F-1AD870E4EE08}"
EndProject
Global
	GlobalSection(SolutionConfigurationPlatforms) = preSolution
		Debug|Any CPU = Debug|Any CPU
		Release|Any CPU = Release|Any CPU
	EndGlobalSection
	GlobalSection(ProjectConfigurationPlatforms) = postSolution
		{05E19EDA-5D3D-4F9F-A71F-1AD870E4EE08}.Debug|Any CPU.ActiveCfg = Debug|Any CPU
		{05E19EDA-5D3D-4F9F-A71F-1AD870E4EE08}.Debug|Any CPU.Build.0 = Debug|Any CPU
		{05E19EDA-5D3D-4F9F-A71F-1AD870E4EE08}.Release|Any CPU.ActiveCfg = Release|Any CPU
		{05E19EDA-5D3D-4F9F-A71F-1AD870E4EE08}.Release|Any CPU.Build.0 = Release|Any CPU
	EndGlobalSection
	GlobalSection(SolutionProperties) = preSolution
		HideSolutionNode = FALSE
	EndGlobalSection
	GlobalSection(ExtensibilityGlobals) = postSolution
		SolutionGuid = {A1D4FCD0-74B6-4E1A-8CBF-1FE707A24797}
	EndGlobalSection
EndGlobal
