
Microsoft Visual Studio Solution File, Format Version 12.00
# Visual Studio Version 17
VisualStudioVersion = 17.4.33213.308
MinimumVisualStudioVersion = 10.0.40219.1
Project("{9A19103F-16F7-4668-BE54-9A1E7A4F7556}") = "GenericsHomework", "GenericsHomework.csproj", "{7111BA15-C6BA-4D09-AEA7-B624188E536D}"
EndProject
Project("{FAE04EC0-301F-11D3-BF4B-00C04F79EFBC}") = "GenericsHomework.Tests", "..\GenericsHomework.Tests\GenericsHomework.Tests.csproj", "{17A586E2-C876-466E-B7E0-2AFF523AF692}"
EndProject
Global
	GlobalSection(SolutionConfigurationPlatforms) = preSolution
		Debug|Any CPU = Debug|Any CPU
		Release|Any CPU = Release|Any CPU
	EndGlobalSection
	GlobalSection(ProjectConfigurationPlatforms) = postSolution
		{7111BA15-C6BA-4D09-AEA7-B624188E536D}.Debug|Any CPU.ActiveCfg = Debug|Any CPU
		{7111BA15-C6BA-4D09-AEA7-B624188E536D}.Debug|Any CPU.Build.0 = Debug|Any CPU
		{7111BA15-C6BA-4D09-AEA7-B624188E536D}.Release|Any CPU.ActiveCfg = Release|Any CPU
		{7111BA15-C6BA-4D09-AEA7-B624188E536D}.Release|Any CPU.Build.0 = Release|Any CPU
		{17A586E2-C876-466E-B7E0-2AFF523AF692}.Debug|Any CPU.ActiveCfg = Debug|Any CPU
		{17A586E2-C876-466E-B7E0-2AFF523AF692}.Debug|Any CPU.Build.0 = Debug|Any CPU
		{17A586E2-C876-466E-B7E0-2AFF523AF692}.Release|Any CPU.ActiveCfg = Release|Any CPU
		{17A586E2-C876-466E-B7E0-2AFF523AF692}.Release|Any CPU.Build.0 = Release|Any CPU
	EndGlobalSection
	GlobalSection(SolutionProperties) = preSolution
		HideSolutionNode = FALSE
	EndGlobalSection
	GlobalSection(ExtensibilityGlobals) = postSolution
		SolutionGuid = {5A435379-26F2-456C-9D4A-2AEB66B24966}
	EndGlobalSection
EndGlobal
